
Microsoft Visual Studio Solution File, Format Version 12.00
# Visual Studio 15
VisualStudioVersion = 15.0.28307.421
MinimumVisualStudioVersion = 10.0.40219.1
Project("{9A19103F-16F7-4668-BE54-9A1E7A4F7556}") = "FirstAzureFunc", "FirstAzureFunc\FirstAzureFunc.csproj", "{99F44C94-FF74-4B6F-8726-ABFFBF4C2393}"
EndProject
Project("{FAE04EC0-301F-11D3-BF4B-00C04F79EFBC}") = "Contracts", "Contracts\Contracts.csproj", "{EA4A5397-A580-438B-BC20-9AC83335B94A}"
EndProject
Global
	GlobalSection(SolutionConfigurationPlatforms) = preSolution
		Debug|Any CPU = Debug|Any CPU
		Release|Any CPU = Release|Any CPU
	EndGlobalSection
	GlobalSection(ProjectConfigurationPlatforms) = postSolution
		{99F44C94-FF74-4B6F-8726-ABFFBF4C2393}.Debug|Any CPU.ActiveCfg = Debug|Any CPU
		{99F44C94-FF74-4B6F-8726-ABFFBF4C2393}.Debug|Any CPU.Build.0 = Debug|Any CPU
		{99F44C94-FF74-4B6F-8726-ABFFBF4C2393}.Release|Any CPU.ActiveCfg = Release|Any CPU
		{99F44C94-FF74-4B6F-8726-ABFFBF4C2393}.Release|Any CPU.Build.0 = Release|Any CPU
		{EA4A5397-A580-438B-BC20-9AC83335B94A}.Debug|Any CPU.ActiveCfg = Debug|Any CPU
		{EA4A5397-A580-438B-BC20-9AC83335B94A}.Debug|Any CPU.Build.0 = Debug|Any CPU
		{EA4A5397-A580-438B-BC20-9AC83335B94A}.Release|Any CPU.ActiveCfg = Release|Any CPU
		{EA4A5397-A580-438B-BC20-9AC83335B94A}.Release|Any CPU.Build.0 = Release|Any CPU
	EndGlobalSection
	GlobalSection(SolutionProperties) = preSolution
		HideSolutionNode = FALSE
	EndGlobalSection
	GlobalSection(ExtensibilityGlobals) = postSolution
		SolutionGuid = {D7657475-3776-4CCD-A49A-4B6B463A71C9}
	EndGlobalSection
EndGlobal
